
Microsoft Visual Studio Solution File, Format Version 12.00
# Visual Studio Version 16
VisualStudioVersion = 16.0.30709.132
MinimumVisualStudioVersion = 10.0.40219.1
Project("{FAE04EC0-301F-11D3-BF4B-00C04F79EFBC}") = "SnakeGameDualMode", "SnakeGameDualMode\SnakeGameDualMode.csproj", "{B6B3E25F-2468-4107-BBFB-3BE291043E7B}"
EndProject
Global
	GlobalSection(SolutionConfigurationPlatforms) = preSolution
		Debug|Any CPU = Debug|Any CPU
		Release|Any CPU = Release|Any CPU
	EndGlobalSection
	GlobalSection(ProjectConfigurationPlatforms) = postSolution
		{B6B3E25F-2468-4107-BBFB-3BE291043E7B}.Debug|Any CPU.ActiveCfg = Debug|Any CPU
		{B6B3E25F-2468-4107-BBFB-3BE291043E7B}.Debug|Any CPU.Build.0 = Debug|Any CPU
		{B6B3E25F-2468-4107-BBFB-3BE291043E7B}.Release|Any CPU.ActiveCfg = Release|Any CPU
		{B6B3E25F-2468-4107-BBFB-3BE291043E7B}.Release|Any CPU.Build.0 = Release|Any CPU
	EndGlobalSection
	GlobalSection(SolutionProperties) = preSolution
		HideSolutionNode = FALSE
	EndGlobalSection
	GlobalSection(ExtensibilityGlobals) = postSolution
		SolutionGuid = {B71CA6A4-BE02-4408-841E-0034214D9752}
	EndGlobalSection
EndGlobal
